
Microsoft Visual Studio Solution File, Format Version 12.00
# Visual Studio Version 16
VisualStudioVersion = 16.0.30717.126
MinimumVisualStudioVersion = 10.0.40219.1
Project("{9A19103F-16F7-4668-BE54-9A1E7A4F7556}") = "DataService.API", "GenericDataService\DataService.API.csproj", "{BDED7AA9-D1B6-4E6B-AAE4-5476F635E1BD}"
EndProject
Project("{9A19103F-16F7-4668-BE54-9A1E7A4F7556}") = "DataService.Data", "DataService.Data\DataService.Data.csproj", "{196D63E9-4748-4DA2-BCFA-3E1732C7782F}"
EndProject
Project("{9A19103F-16F7-4668-BE54-9A1E7A4F7556}") = "DataService.Service", "DataService.Service\DataService.Service.csproj", "{7ABA6B0B-34FC-41CD-8B2E-DD9405A4C0B0}"
EndProject
Project("{9A19103F-16F7-4668-BE54-9A1E7A4F7556}") = "DataService.Common", "DataService.Common\DataService.Common.csproj", "{A7769C4A-0C29-4093-B74D-95B0AC15E281}"
EndProject
Global
	GlobalSection(SolutionConfigurationPlatforms) = preSolution
		Debug|Any CPU = Debug|Any CPU
		Release|Any CPU = Release|Any CPU
	EndGlobalSection
	GlobalSection(ProjectConfigurationPlatforms) = postSolution
		{BDED7AA9-D1B6-4E6B-AAE4-5476F635E1BD}.Debug|Any CPU.ActiveCfg = Debug|Any CPU
		{BDED7AA9-D1B6-4E6B-AAE4-5476F635E1BD}.Debug|Any CPU.Build.0 = Debug|Any CPU
		{BDED7AA9-D1B6-4E6B-AAE4-5476F635E1BD}.Release|Any CPU.ActiveCfg = Release|Any CPU
		{BDED7AA9-D1B6-4E6B-AAE4-5476F635E1BD}.Release|Any CPU.Build.0 = Release|Any CPU
		{196D63E9-4748-4DA2-BCFA-3E1732C7782F}.Debug|Any CPU.ActiveCfg = Debug|Any CPU
		{196D63E9-4748-4DA2-BCFA-3E1732C7782F}.Debug|Any CPU.Build.0 = Debug|Any CPU
		{196D63E9-4748-4DA2-BCFA-3E1732C7782F}.Release|Any CPU.ActiveCfg = Release|Any CPU
		{196D63E9-4748-4DA2-BCFA-3E1732C7782F}.Release|Any CPU.Build.0 = Release|Any CPU
		{7ABA6B0B-34FC-41CD-8B2E-DD9405A4C0B0}.Debug|Any CPU.ActiveCfg = Debug|Any CPU
		{7ABA6B0B-34FC-41CD-8B2E-DD9405A4C0B0}.Debug|Any CPU.Build.0 = Debug|Any CPU
		{7ABA6B0B-34FC-41CD-8B2E-DD9405A4C0B0}.Release|Any CPU.ActiveCfg = Release|Any CPU
		{7ABA6B0B-34FC-41CD-8B2E-DD9405A4C0B0}.Release|Any CPU.Build.0 = Release|Any CPU
		{A7769C4A-0C29-4093-B74D-95B0AC15E281}.Debug|Any CPU.ActiveCfg = Debug|Any CPU
		{A7769C4A-0C29-4093-B74D-95B0AC15E281}.Debug|Any CPU.Build.0 = Debug|Any CPU
		{A7769C4A-0C29-4093-B74D-95B0AC15E281}.Release|Any CPU.ActiveCfg = Release|Any CPU
		{A7769C4A-0C29-4093-B74D-95B0AC15E281}.Release|Any CPU.Build.0 = Release|Any CPU
	EndGlobalSection
	GlobalSection(SolutionProperties) = preSolution
		HideSolutionNode = FALSE
	EndGlobalSection
	GlobalSection(ExtensibilityGlobals) = postSolution
		SolutionGuid = {9E2B7FA0-00F6-4D07-A55C-6D2E618D59E0}
	EndGlobalSection
EndGlobal
